{
    "_readme": [
        "This file locks the dependencies of your project to a known state",
        "Read more about it at https://getcomposer.org/doc/01-basic-usage.md#composer-lock-the-lock-file",
        "This file is @generated automatically"
    ],
    "hash": "86855b31f8eb8992333f4789046e13ed",
    "content-hash": "7327cdc9b9da0d374f6b7bd21257015a",
    "packages": [
        {
            "name": "endroid/qrcode",
            "version": "1.1.2",
            "source": {
                "type": "git",
                "url": "https://github.com/endroid/QrCode.git",
                "reference": "32e3e148b148482f04101fc96d18d3281da72af7"
            },
            "dist": {
                "type": "zip",
                "url": "https://api.github.com/repos/endroid/QrCode/zipball/32e3e148b148482f04101fc96d18d3281da72af7",
                "reference": "32e3e148b148482f04101fc96d18d3281da72af7",
                "shasum": ""
            },
            "require": {
                "php": ">=5.3.0"
            },
            "type": "library",
            "autoload": {
                "psr-0": {
                    "Endroid": "src/"
                }
            },
            "notification-url": "https://packagist.org/downloads/",
            "license": [
                "MIT"
            ],
            "authors": [
                {
                    "name": "Jeroen van den Enden",
                    "email": "info@endroid.nl",
                    "homepage": "http://endroid.nl/"
                }
            ],
            "description": "Endroid QR Code",
            "homepage": "https://github.com/endroid/QrCode",
            "keywords": [
                "code",
                "endroid",
                "qr",
                "qrcode"
            ],
            "time": "2013-04-13 12:49:51"
        }
    ],
    "packages-dev": [],
    "aliases": [],
    "minimum-stability": "stable",
    "stability-flags": [],
    "prefer-stable": false,
    "prefer-lowest": false,
    "platform": [],
    "platform-dev": []
}
